// !$*UTF8*$!
{
	archiveVersion = 1;
	classes = {
	};
	objectVersion = 77;
	objects = {

/* Begin PBXBuildFile section */
		01E8AC222F6BD701006695D8 /* Comet in Frameworks */ = {isa = PBXBuildFile; productRef = 01E8AC212F6BD701006695D8 /* Comet */; };
/* End PBXBuildFile section */

/* Begin PBXContainerItemProxy section */
		01516B142F4EC81D0029059D /* PBXContainerItemProxy */ = {
			isa = PBXContainerItemProxy;
			containerPortal = 01516AF72F4EC81A0029059D /* Project object */;
			proxyType = 1;
			remoteGlobalIDString = 01516AFE2F4EC81A0029059D;
			remoteInfo = "Comet Camera";
		};
		01516B1E2F4EC81D0029059D /* PBXContainerItemProxy */ = {
			isa = PBXContainerItemProxy;
			containerPortal = 01516AF72F4EC81A0029059D /* Project object */;
			proxyType = 1;
			remoteGlobalIDString = 01516AFE2F4EC81A0029059D;
			remoteInfo = "Comet Camera";
		};
/* End PBXContainerItemProxy section */

/* Begin PBXFileReference section */
		01516AFF2F4EC81A0029059D /* Comet Camera.app */ = {isa = PBXFileReference; explicitFileType = wrapper.application; includeInIndex = 0; path = "Comet Camera.app"; sourceTree = BUILT_PRODUCTS_DIR; };
		01516B132F4EC81D0029059D /* Comet CameraTests.xctest */ = {isa = PBXFileReference; explicitFileType = wrapper.cfbundle; includeInIndex = 0; path = "Comet CameraTests.xctest"; sourceTree = BUILT_PRODUCTS_DIR; };
		01516B1D2F4EC81D0029059D /* Comet CameraUITests.xctest */ = {isa = PBXFileReference; explicitFileType = wrapper.cfbundle; includeInIndex = 0; path = "Comet CameraUITests.xctest"; sourceTree = BUILT_PRODUCTS_DIR; };
/* End PBXFileReference section */

/* Begin PBXFileSystemSynchronizedBuildFileExceptionSet section */
		01516B252F4EC81D0029059D /* Exceptions for "Comet Camera" folder in "Comet Camera" target */ = {
			isa = PBXFileSystemSynchronizedBuildFileExceptionSet;
			membershipExceptions = (
				Info.plist,
			);
			target = 01516AFE2F4EC81A0029059D /* Comet Camera */;
		};
/* End PBXFileSystemSynchronizedBuildFileExceptionSet section */

/* Begin PBXFileSystemSynchronizedRootGroup section */
		01516B012F4EC81A0029059D /* Comet Camera */ = {
			isa = PBXFileSystemSynchronizedRootGroup;
			exceptions = (
				01516B252F4EC81D0029059D /* Exceptions for "Comet Camera" folder in "Comet Camera" target */,
			);
			path = "Comet Camera";
			sourceTree = "<group>";
		};
		01516B162F4EC81D0029059D /* Comet CameraTests */ = {
			isa = PBXFileSystemSynchronizedRootGroup;
			path = "Comet CameraTests";
			sourceTree = "<group>";
		};
		01516B202F4EC81D0029059D /* Comet CameraUITests */ = {
			isa = PBXFileSystemSynchronizedRootGroup;
			path = "Comet CameraUITests";
			sourceTree = "<group>";
		};
/* End PBXFileSystemSynchronizedRootGroup section */

/* Begin PBXFrameworksBuildPhase section */
		01516AFC2F4EC81A0029059D /* Frameworks */ = {
			isa = PBXFrameworksBuildPhase;
			buildActionMask = 2147483647;
			files = (
				01E8AC222F6BD701006695D8 /* Comet in Frameworks */,
			);
			runOnlyForDeploymentPostprocessing = 0;
		};
		01516B102F4EC81D0029059D /* Frameworks */ = {
			isa = PBXFrameworksBuildPhase;
			buildActionMask = 2147483647;
			files = (
			);
			runOnlyForDeploymentPostprocessing = 0;
		};
		01516B1A2F4EC81D0029059D /* Frameworks */ = {
			isa = PBXFrameworksBuildPhase;
			buildActionMask = 2147483647;
			files = (
			);
			runOnlyForDeploymentPostprocessing = 0;
		};
/* End PBXFrameworksBuildPhase section */

/* Begin PBXGroup section */
		01516AF62F4EC81A0029059D = {
			isa = PBXGroup;
			children = (
				01516B012F4EC81A0029059D /* Comet Camera */,
				01516B162F4EC81D0029059D /* Comet CameraTests */,
				01516B202F4EC81D0029059D /* Comet CameraUITests */,
				01516B002F4EC81A0029059D /* Products */,
			);
			sourceTree = "<group>";
		};
		01516B002F4EC81A0029059D /* Products */ = {
			isa = PBXGroup;
			children = (
				01516AFF2F4EC81A0029059D /* Comet Camera.app */,
				01516B132F4EC81D0029059D /* Comet CameraTests.xctest */,
				01516B1D2F4EC81D0029059D /* Comet CameraUITests.xctest */,
			);
			name = Products;
			sourceTree = "<group>";
		};
/* End PBXGroup section */

/* Begin PBXNativeTarget section */
		01516AFE2F4EC81A0029059D /* Comet Camera */ = {
			isa = PBXNativeTarget;
			buildConfigurationList = 01516B262F4EC81D0029059D /* Build configuration list for PBXNativeTarget "Comet Camera" */;
			buildPhases = (
				01516AFB2F4EC81A0029059D /* Sources */,
				01516AFC2F4EC81A0029059D /* Frameworks */,
				01516AFD2F4EC81A0029059D /* Resources */,
			);
			buildRules = (
			);
			dependencies = (
			);
			fileSystemSynchronizedGroups = (
				01516B012F4EC81A0029059D /* Comet Camera */,
			);
			name = "Comet Camera";
			packageProductDependencies = (
				01E8AC212F6BD701006695D8 /* Comet */,
			);
			productName = "Comet Camera";
			productReference = 01516AFF2F4EC81A0029059D /* Comet Camera.app */;
			productType = "com.apple.product-type.application";
		};
		01516B122F4EC81D0029059D /* Comet CameraTests */ = {
			isa = PBXNativeTarget;
			buildConfigurationList = 01516B2B2F4EC81D0029059D /* Build configuration list for PBXNativeTarget "Comet CameraTests" */;
			buildPhases = (
				01516B0F2F4EC81D0029059D /* Sources */,
				01516B102F4EC81D0029059D /* Frameworks */,
				01516B112F4EC81D0029059D /* Resources */,
			);
			buildRules = (
			);
			dependencies = (
				01516B152F4EC81D0029059D /* PBXTargetDependency */,
			);
			fileSystemSynchronizedGroups = (
				01516B162F4EC81D0029059D /* Comet CameraTests */,
			);
			name = "Comet CameraTests";
			packageProductDependencies = (
			);
			productName = "Comet CameraTests";
			productReference = 01516B132F4EC81D0029059D /* Comet CameraTests.xctest */;
			productType = "com.apple.product-type.bundle.unit-test";
		};
		01516B1C2F4EC81D0029059D /* Comet CameraUITests */ = {
			isa = PBXNativeTarget;
			buildConfigurationList = 01516B2E2F4EC81D0029059D /* Build configuration list for PBXNativeTarget "Comet CameraUITests" */;
			buildPhases = (
				01516B192F4EC81D0029059D /* Sources */,
				01516B1A2F4EC81D0029059D /* Frameworks */,
				01516B1B2F4EC81D0029059D /* Resources */,
			);
			buildRules = (
			);
			dependencies = (
				01516B1F2F4EC81D0029059D /* PBXTargetDependency */,
			);
			fileSystemSynchronizedGroups = (
				01516B202F4EC81D0029059D /* Comet CameraUITests */,
			);
			name = "Comet CameraUITests";
			packageProductDependencies = (
			);
			productName = "Comet CameraUITests";
			productReference = 01516B1D2F4EC81D0029059D /* Comet CameraUITests.xctest */;
			productType = "com.apple.product-type.bundle.ui-testing";
		};
/* End PBXNativeTarget section */

/* Begin PBXProject section */
		01516AF72F4EC81A0029059D /* Project object */ = {
			isa = PBXProject;
			attributes = {
				BuildIndependentTargetsInParallel = 1;
				LastSwiftUpdateCheck = 2620;
				LastUpgradeCheck = 2620;
				TargetAttributes = {
					01516AFE2F4EC81A0029059D = {
						CreatedOnToolsVersion = 26.2;
					};
					01516B122F4EC81D0029059D = {
						CreatedOnToolsVersion = 26.2;
						TestTargetID = 01516AFE2F4EC81A0029059D;
					};
					01516B1C2F4EC81D0029059D = {
						CreatedOnToolsVersion = 26.2;
						TestTargetID = 01516AFE2F4EC81A0029059D;
					};
				};
			};
			buildConfigurationList = 01516AFA2F4EC81A0029059D /* Build configuration list for PBXProject "Comet Camera" */;
			developmentRegion = "zh-Hans";
			hasScannedForEncodings = 0;
			knownRegions = (
				en,
				Base,
				"zh-Hans",
			);
			mainGroup = 01516AF62F4EC81A0029059D;
			minimizedProjectReferenceProxies = 1;
			packageReferences = (
				01E8AC202F6BD701006695D8 /* XCLocalSwiftPackageReference "../../Comet" */,
			);
			preferredProjectObjectVersion = 77;
			productRefGroup = 01516B002F4EC81A0029059D /* Products */;
			projectDirPath = "";
			projectRoot = "";
			targets = (
				01516AFE2F4EC81A0029059D /* Comet Camera */,
				01516B122F4EC81D0029059D /* Comet CameraTests */,
				01516B1C2F4EC81D0029059D /* Comet CameraUITests */,
			);
		};
/* End PBXProject section */

/* Begin PBXResourcesBuildPhase section */
		01516AFD2F4EC81A0029059D /* Resources */ = {
			isa = PBXResourcesBuildPhase;
			buildActionMask = 2147483647;
			files = (
			);
			runOnlyForDeploymentPostprocessing = 0;
		};
		01516B112F4EC81D0029059D /* Resources */ = {
			isa = PBXResourcesBuildPhase;
			buildActionMask = 2147483647;
			files = (
			);
			runOnlyForDeploymentPostprocessing = 0;
		};
		01516B1B2F4EC81D0029059D /* Resources */ = {
			isa = PBXResourcesBuildPhase;
			buildActionMask = 2147483647;
			files = (
			);
			runOnlyForDeploymentPostprocessing = 0;
		};
/* End PBXResourcesBuildPhase section */

/* Begin PBXSourcesBuildPhase section */
		01516AFB2F4EC81A0029059D /* Sources */ = {
			isa = PBXSourcesBuildPhase;
			buildActionMask = 2147483647;
			files = (
			);
			runOnlyForDeploymentPostprocessing = 0;
		};
		01516B0F2F4EC81D0029059D /* Sources */ = {
			isa = PBXSourcesBuildPhase;
			buildActionMask = 2147483647;
			files = (
			);
			runOnlyForDeploymentPostprocessing = 0;
		};
		01516B192F4EC81D0029059D /* Sources */ = {
			isa = PBXSourcesBuildPhase;
			buildActionMask = 2147483647;
			files = (
			);
			runOnlyForDeploymentPostprocessing = 0;
		};
/* End PBXSourcesBuildPhase section */

/* Begin PBXTargetDependency section */
		01516B152F4EC81D0029059D /* PBXTargetDependency */ = {
			isa = PBXTargetDependency;
			target = 01516AFE2F4EC81A0029059D /* Comet Camera */;
			targetProxy = 01516B142F4EC81D0029059D /* PBXContainerItemProxy */;
		};
		01516B1F2F4EC81D0029059D /* PBXTargetDependency */ = {
			isa = PBXTargetDependency;
			target = 01516AFE2F4EC81A0029059D /* Comet Camera */;
			targetProxy = 01516B1E2F4EC81D0029059D /* PBXContainerItemProxy */;
		};
/* End PBXTargetDependency section */

/* Begin XCBuildConfiguration section */
		01516B272F4EC81D0029059D /* Debug */ = {
			isa = XCBuildConfiguration;
			buildSettings = {
				ASSETCATALOG_COMPILER_APPICON_NAME = AppIcon;
				ASSETCATALOG_COMPILER_GLOBAL_ACCENT_COLOR_NAME = AccentColor;
				CODE_SIGN_ENTITLEMENTS = "Comet Camera/Comet_Camera.entitlements";
				CODE_SIGN_STYLE = Automatic;
				CURRENT_PROJECT_VERSION = 1;
				DEVELOPMENT_TEAM = ZC726AK722;
				ENABLE_PREVIEWS = YES;
				GENERATE_INFOPLIST_FILE = YES;
				INFOPLIST_FILE = "Comet Camera/Info.plist";
				INFOPLIST_KEY_CFBundleDisplayName = "留颜";
				INFOPLIST_KEY_NSCameraUsageDescription = Use;
				INFOPLIST_KEY_NSPhotoLibraryAddUsageDescription = Use;
				INFOPLIST_KEY_NSPhotoLibraryUsageDescription = Use;
				INFOPLIST_KEY_UIApplicationSupportsIndirectInputEvents = YES;
				INFOPLIST_KEY_UILaunchScreen_Generation = YES;
				INFOPLIST_KEY_UIMainStoryboardFile = Main;
				INFOPLIST_KEY_UISupportedInterfaceOrientations_iPad = "UIInterfaceOrientationPortrait UIInterfaceOrientationPortraitUpsideDown UIInterfaceOrientationLandscapeLeft UIInterfaceOrientationLandscapeRight";
				INFOPLIST_KEY_UISupportedInterfaceOrientations_iPhone = "UIInterfaceOrientationPortrait UIInterfaceOrientationLandscapeLeft UIInterfaceOrientationLandscapeRight";
				IPHONEOS_DEPLOYMENT_TARGET = 16.0;
				LD_RUNPATH_SEARCH_PATHS = (
					"$(inherited)",
					"@executable_path/Frameworks",
				);
				MARKETING_VERSION = 1.0;
				PRODUCT_BUNDLE_IDENTIFIER = "com.indie.comet.Comet-Camera";
				PRODUCT_NAME = "$(TARGET_NAME)";
				STRING_CATALOG_GENERATE_SYMBOLS = YES;
				SWIFT_APPROACHABLE_CONCURRENCY = YES;
				SWIFT_DEFAULT_ACTOR_ISOLATION = MainActor;
				SWIFT_EMIT_LOC_STRINGS = YES;
				SWIFT_UPCOMING_FEATURE_MEMBER_IMPORT_VISIBILITY = YES;
				SWIFT_VERSION = 5.0;
				TARGETED_DEVICE_FAMILY = "1,2";
			};
			name = Debug;
		};
		01516B282F4EC81D0029059D /* Release */ = {
			isa = XCBuildConfiguration;
			buildSettings = {
				ASSETCATALOG_COMPILER_APPICON_NAME = AppIcon;
				ASSETCATALOG_COMPILER_GLOBAL_ACCENT_COLOR_NAME = AccentColor;
				CODE_SIGN_ENTITLEMENTS = "Comet Camera/Comet_Camera.entitlements";
				CODE_SIGN_STYLE = Automatic;
				CURRENT_PROJECT_VERSION = 1;
				DEVELOPMENT_TEAM = ZC726AK722;
				ENABLE_PREVIEWS = YES;
				GENERATE_INFOPLIST_FILE = YES;
				INFOPLIST_FILE = "Comet Camera/Info.plist";
				INFOPLIST_KEY_CFBundleDisplayName = "留颜";
				INFOPLIST_KEY_NSCameraUsageDescription = Use;
				INFOPLIST_KEY_NSPhotoLibraryAddUsageDescription = Use;
				INFOPLIST_KEY_NSPhotoLibraryUsageDescription = Use;
				INFOPLIST_KEY_UIApplicationSupportsIndirectInputEvents = YES;
				INFOPLIST_KEY_UILaunchScreen_Generation = YES;
				INFOPLIST_KEY_UIMainStoryboardFile = Main;
				INFOPLIST_KEY_UISupportedInterfaceOrientations_iPad = "UIInterfaceOrientationPortrait UIInterfaceOrientationPortraitUpsideDown UIInterfaceOrientationLandscapeLeft UIInterfaceOrientationLandscapeRight";
				INFOPLIST_KEY_UISupportedInterfaceOrientations_iPhone = "UIInterfaceOrientationPortrait UIInterfaceOrientationLandscapeLeft UIInterfaceOrientationLandscapeRight";
				IPHONEOS_DEPLOYMENT_TARGET = 16.0;
				LD_RUNPATH_SEARCH_PATHS = (
					"$(inherited)",
					"@executable_path/Frameworks",
				);
				MARKETING_VERSION = 1.0;
				PRODUCT_BUNDLE_IDENTIFIER = "com.indie.comet.Comet-Camera";
				PRODUCT_NAME = "$(TARGET_NAME)";
				STRING_CATALOG_GENERATE_SYMBOLS = YES;
				SWIFT_APPROACHABLE_CONCURRENCY = YES;
				SWIFT_DEFAULT_ACTOR_ISOLATION = MainActor;
				SWIFT_EMIT_LOC_STRINGS = YES;
				SWIFT_UPCOMING_FEATURE_MEMBER_IMPORT_VISIBILITY = YES;
				SWIFT_VERSION = 5.0;
				TARGETED_DEVICE_FAMILY = "1,2";
			};
			name = Release;
		};
		01516B292F4EC81D0029059D /* Debug */ = {
			isa = XCBuildConfiguration;
			buildSettings = {
				ALWAYS_SEARCH_USER_PATHS = NO;
				ASSETCATALOG_COMPILER_GENERATE_SWIFT_ASSET_SYMBOL_EXTENSIONS = YES;
				CLANG_ANALYZER_NONNULL = YES;
				CLANG_ANALYZER_NUMBER_OBJECT_CONVERSION = YES_AGGRESSIVE;
				CLANG_CXX_LANGUAGE_STANDARD = "gnu++20";
				CLANG_ENABLE_MODULES = YES;
				CLANG_ENABLE_OBJC_ARC = YES;
				CLANG_ENABLE_OBJC_WEAK = YES;
				CLANG_WARN_BLOCK_CAPTURE_AUTORELEASING = YES;
				CLANG_WARN_BOOL_CONVERSION = YES;
				CLANG_WARN_COMMA = YES;
				CLANG_WARN_CONSTANT_CONVERSION = YES;
				CLANG_WARN_DEPRECATED_OBJC_IMPLEMENTATIONS = YES;
				CLANG_WARN_DIRECT_OBJC_ISA_USAGE = YES_ERROR;
				CLANG_WARN_DOCUMENTATION_COMMENTS = YES;
				CLANG_WARN_EMPTY_BODY = YES;
				CLANG_WARN_ENUM_CONVERSION = YES;
				CLANG_WARN_INFINITE_RECURSION = YES;
				CLANG_WARN_INT_CONVERSION = YES;
				CLANG_WARN_NON_LITERAL_NULL_CONVERSION = YES;
				CLANG_WARN_OBJC_IMPLICIT_RETAIN_SELF = YES;
				CLANG_WARN_OBJC_LITERAL_CONVERSION = YES;
				CLANG_WARN_OBJC_ROOT_CLASS = YES_ERROR;
				CLANG_WARN_QUOTED_INCLUDE_IN_FRAMEWORK_HEADER = YES;
				CLANG_WARN_RANGE_LOOP_ANALYSIS = YES;
				CLANG_WARN_STRICT_PROTOTYPES = YES;
				CLANG_WARN_SUSPICIOUS_MOVE = YES;
				CLANG_WARN_UNGUARDED_AVAILABILITY = YES_AGGRESSIVE;
				CLANG_WARN_UNREACHABLE_CODE = YES;
				CLANG_WARN__DUPLICATE_METHOD_MATCH = YES;
				COPY_PHASE_STRIP = NO;
				DEBUG_INFORMATION_FORMAT = dwarf;
				ENABLE_STRICT_OBJC_MSGSEND = YES;
				ENABLE_TESTABILITY = YES;
				ENABLE_USER_SCRIPT_SANDBOXING = YES;
				GCC_C_LANGUAGE_STANDARD = gnu17;
				GCC_DYNAMIC_NO_PIC = NO;
				GCC_NO_COMMON_BLOCKS = YES;
				GCC_OPTIMIZATION_LEVEL = 0;
				GCC_PREPROCESSOR_DEFINITIONS = (
					"DEBUG=1",
					"$(inherited)",
				);
				GCC_WARN_64_TO_32_BIT_CONVERSION = YES;
				GCC_WARN_ABOUT_RETURN_TYPE = YES_ERROR;
				GCC_WARN_UNDECLARED_SELECTOR = YES;
				GCC_WARN_UNINITIALIZED_AUTOS = YES_AGGRESSIVE;
				GCC_WARN_UNUSED_FUNCTION = YES;
				GCC_WARN_UNUSED_VARIABLE = YES;
				IPHONEOS_DEPLOYMENT_TARGET = 26.2;
				LOCALIZATION_PREFERS_STRING_CATALOGS = YES;
				MTL_ENABLE_DEBUG_INFO = INCLUDE_SOURCE;
				MTL_FAST_MATH = YES;
				ONLY_ACTIVE_ARCH = YES;
				SDKROOT = iphoneos;
				SWIFT_ACTIVE_COMPILATION_CONDITIONS = "DEBUG $(inherited)";
				SWIFT_EMIT_LOC_STRINGS = YES;
				SWIFT_OPTIMIZATION_LEVEL = "-Onone";
			};
			name = Debug;
		};
		01516B2A2F4EC81D0029059D /* Release */ = {
			isa = XCBuildConfiguration;
			buildSettings = {
				ALWAYS_SEARCH_USER_PATHS = NO;
				ASSETCATALOG_COMPILER_GENERATE_SWIFT_ASSET_SYMBOL_EXTENSIONS = YES;
				CLANG_ANALYZER_NONNULL = YES;
				CLANG_ANALYZER_NUMBER_OBJECT_CONVERSION = YES_AGGRESSIVE;
				CLANG_CXX_LANGUAGE_STANDARD = "gnu++20";
				CLANG_ENABLE_MODULES = YES;
				CLANG_ENABLE_OBJC_ARC = YES;
				CLANG_ENABLE_OBJC_WEAK = YES;
				CLANG_WARN_BLOCK_CAPTURE_AUTORELEASING = YES;
				CLANG_WARN_BOOL_CONVERSION = YES;
				CLANG_WARN_COMMA = YES;
				CLANG_WARN_CONSTANT_CONVERSION = YES;
				CLANG_WARN_DEPRECATED_OBJC_IMPLEMENTATIONS = YES;
				CLANG_WARN_DIRECT_OBJC_ISA_USAGE = YES_ERROR;
				CLANG_WARN_DOCUMENTATION_COMMENTS = YES;
				CLANG_WARN_EMPTY_BODY = YES;
				CLANG_WARN_ENUM_CONVERSION = YES;
				CLANG_WARN_INFINITE_RECURSION = YES;
				CLANG_WARN_INT_CONVERSION = YES;
				CLANG_WARN_NON_LITERAL_NULL_CONVERSION = YES;
				CLANG_WARN_OBJC_IMPLICIT_RETAIN_SELF = YES;
				CLANG_WARN_OBJC_LITERAL_CONVERSION = YES;
				CLANG_WARN_OBJC_ROOT_CLASS = YES_ERROR;
				CLANG_WARN_QUOTED_INCLUDE_IN_FRAMEWORK_HEADER = YES;
				CLANG_WARN_RANGE_LOOP_ANALYSIS = YES;
				CLANG_WARN_STRICT_PROTOTYPES = YES;
				CLANG_WARN_SUSPICIOUS_MOVE = YES;
				CLANG_WARN_UNGUARDED_AVAILABILITY = YES_AGGRESSIVE;
				CLANG_WARN_UNREACHABLE_CODE = YES;
				CLANG_WARN__DUPLICATE_METHOD_MATCH = YES;
				COPY_PHASE_STRIP = NO;
				DEBUG_INFORMATION_FORMAT = "dwarf-with-dsym";
				ENABLE_NS_ASSERTIONS = NO;
				ENABLE_STRICT_OBJC_MSGSEND = YES;
				ENABLE_USER_SCRIPT_SANDBOXING = YES;
				GCC_C_LANGUAGE_STANDARD = gnu17;
				GCC_NO_COMMON_BLOCKS = YES;
				GCC_WARN_64_TO_32_BIT_CONVERSION = YES;
				GCC_WARN_ABOUT_RETURN_TYPE = YES_ERROR;
				GCC_WARN_UNDECLARED_SELECTOR = YES;
				GCC_WARN_UNINITIALIZED_AUTOS = YES_AGGRESSIVE;
				GCC_WARN_UNUSED_FUNCTION = YES;
				GCC_WARN_UNUSED_VARIABLE = YES;
				IPHONEOS_DEPLOYMENT_TARGET = 26.2;
				LOCALIZATION_PREFERS_STRING_CATALOGS = YES;
				MTL_ENABLE_DEBUG_INFO = NO;
				MTL_FAST_MATH = YES;
				SDKROOT = iphoneos;
				SWIFT_COMPILATION_MODE = wholemodule;
				SWIFT_EMIT_LOC_STRINGS = YES;
				VALIDATE_PRODUCT = YES;
			};
			name = Release;
		};
		01516B2C2F4EC81D0029059D /* Debug */ = {
			isa = XCBuildConfiguration;
			buildSettings = {
				BUNDLE_LOADER = "$(TEST_HOST)";
				CODE_SIGN_STYLE = Automatic;
				CURRENT_PROJECT_VERSION = 1;
				GENERATE_INFOPLIST_FILE = YES;
				IPHONEOS_DEPLOYMENT_TARGET = 26.2;
				MARKETING_VERSION = 1.0;
				PRODUCT_BUNDLE_IDENTIFIER = "com.indie.comet.Comet-CameraTests";
				PRODUCT_NAME = "$(TARGET_NAME)";
				STRING_CATALOG_GENERATE_SYMBOLS = NO;
				SWIFT_APPROACHABLE_CONCURRENCY = YES;
				SWIFT_EMIT_LOC_STRINGS = NO;
				SWIFT_UPCOMING_FEATURE_MEMBER_IMPORT_VISIBILITY = YES;
				SWIFT_VERSION = 5.0;
				TARGETED_DEVICE_FAMILY = "1,2";
				TEST_HOST = "$(BUILT_PRODUCTS_DIR)/Comet Camera.app/$(BUNDLE_EXECUTABLE_FOLDER_PATH)/Comet Camera";
			};
			name = Debug;
		};
		01516B2D2F4EC81D0029059D /* Release */ = {
			isa = XCBuildConfiguration;
			buildSettings = {
				BUNDLE_LOADER = "$(TEST_HOST)";
				CODE_SIGN_STYLE = Automatic;
				CURRENT_PROJECT_VERSION = 1;
				GENERATE_INFOPLIST_FILE = YES;
				IPHONEOS_DEPLOYMENT_TARGET = 26.2;
				MARKETING_VERSION = 1.0;
				PRODUCT_BUNDLE_IDENTIFIER = "com.indie.comet.Comet-CameraTests";
				PRODUCT_NAME = "$(TARGET_NAME)";
				STRING_CATALOG_GENERATE_SYMBOLS = NO;
				SWIFT_APPROACHABLE_CONCURRENCY = YES;
				SWIFT_EMIT_LOC_STRINGS = NO;
				SWIFT_UPCOMING_FEATURE_MEMBER_IMPORT_VISIBILITY = YES;
				SWIFT_VERSION = 5.0;
				TARGETED_DEVICE_FAMILY = "1,2";
				TEST_HOST = "$(BUILT_PRODUCTS_DIR)/Comet Camera.app/$(BUNDLE_EXECUTABLE_FOLDER_PATH)/Comet Camera";
			};
			name = Release;
		};
		01516B2F2F4EC81D0029059D /* Debug */ = {
			isa = XCBuildConfiguration;
			buildSettings = {
				CODE_SIGN_STYLE = Automatic;
				CURRENT_PROJECT_VERSION = 1;
				GENERATE_INFOPLIST_FILE = YES;
				MARKETING_VERSION = 1.0;
				PRODUCT_BUNDLE_IDENTIFIER = "com.indie.comet.Comet-CameraUITests";
				PRODUCT_NAME = "$(TARGET_NAME)";
				STRING_CATALOG_GENERATE_SYMBOLS = NO;
				SWIFT_APPROACHABLE_CONCURRENCY = YES;
				SWIFT_EMIT_LOC_STRINGS = NO;
				SWIFT_UPCOMING_FEATURE_MEMBER_IMPORT_VISIBILITY = YES;
				SWIFT_VERSION = 5.0;
				TARGETED_DEVICE_FAMILY = "1,2";
				TEST_TARGET_NAME = "Comet Camera";
			};
			name = Debug;
		};
		01516B302F4EC81D0029059D /* Release */ = {
			isa = XCBuildConfiguration;
			buildSettings = {
				CODE_SIGN_STYLE = Automatic;
				CURRENT_PROJECT_VERSION = 1;
				GENERATE_INFOPLIST_FILE = YES;
				MARKETING_VERSION = 1.0;
				PRODUCT_BUNDLE_IDENTIFIER = "com.indie.comet.Comet-CameraUITests";
				PRODUCT_NAME = "$(TARGET_NAME)";
				STRING_CATALOG_GENERATE_SYMBOLS = NO;
				SWIFT_APPROACHABLE_CONCURRENCY = YES;
				SWIFT_EMIT_LOC_STRINGS = NO;
				SWIFT_UPCOMING_FEATURE_MEMBER_IMPORT_VISIBILITY = YES;
				SWIFT_VERSION = 5.0;
				TARGETED_DEVICE_FAMILY = "1,2";
				TEST_TARGET_NAME = "Comet Camera";
			};
			name = Release;
		};
/* End XCBuildConfiguration section */

/* Begin XCConfigurationList section */
		01516AFA2F4EC81A0029059D /* Build configuration list for PBXProject "Comet Camera" */ = {
			isa = XCConfigurationList;
			buildConfigurations = (
				01516B292F4EC81D0029059D /* Debug */,
				01516B2A2F4EC81D0029059D /* Release */,
			);
			defaultConfigurationIsVisible = 0;
			defaultConfigurationName = Release;
		};
		01516B262F4EC81D0029059D /* Build configuration list for PBXNativeTarget "Comet Camera" */ = {
			isa = XCConfigurationList;
			buildConfigurations = (
				01516B272F4EC81D0029059D /* Debug */,
				01516B282F4EC81D0029059D /* Release */,
			);
			defaultConfigurationIsVisible = 0;
			defaultConfigurationName = Release;
		};
		01516B2B2F4EC81D0029059D /* Build configuration list for PBXNativeTarget "Comet CameraTests" */ = {
			isa = XCConfigurationList;
			buildConfigurations = (
				01516B2C2F4EC81D0029059D /* Debug */,
				01516B2D2F4EC81D0029059D /* Release */,
			);
			defaultConfigurationIsVisible = 0;
			defaultConfigurationName = Release;
		};
		01516B2E2F4EC81D0029059D /* Build configuration list for PBXNativeTarget "Comet CameraUITests" */ = {
			isa = XCConfigurationList;
			buildConfigurations = (
				01516B2F2F4EC81D0029059D /* Debug */,
				01516B302F4EC81D0029059D /* Release */,
			);
			defaultConfigurationIsVisible = 0;
			defaultConfigurationName = Release;
		};
/* End XCConfigurationList section */

/* Begin XCLocalSwiftPackageReference section */
		01E8AC202F6BD701006695D8 /* XCLocalSwiftPackageReference "../../Comet" */ = {
			isa = XCLocalSwiftPackageReference;
			relativePath = ../../Comet;
		};
/* End XCLocalSwiftPackageReference section */

/* Begin XCSwiftPackageProductDependency section */
		01E8AC212F6BD701006695D8 /* Comet */ = {
			isa = XCSwiftPackageProductDependency;
			productName = Comet;
		};
/* End XCSwiftPackageProductDependency section */
	};
	rootObject = 01516AF72F4EC81A0029059D /* Project object */;
}
